
Microsoft Visual Studio Solution File, Format Version 11.00
# Visual Studio 2010
Project("{FAE04EC0-301F-11D3-BF4B-00C04F79EFBC}") = "Assembly-CSharp", "Assembly-CSharp.csproj", "{7a4605b3-12ce-181d-2ff5-24994304abf3}"
EndProject
Project("{FAE04EC0-301F-11D3-BF4B-00C04F79EFBC}") = "Assembly-CSharp-Editor", "Assembly-CSharp-Editor.csproj", "{b57beb5c-e28f-6e36-185a-e0bb8759a60f}"
EndProject
Global
	GlobalSection(SolutionConfigurationPlatforms) = preSolution
		Debug|Any CPU = Debug|Any CPU
	EndGlobalSection
	GlobalSection(ProjectConfigurationPlatforms) = postSolution
		{7a4605b3-12ce-181d-2ff5-24994304abf3}.Debug|Any CPU.ActiveCfg = Debug|Any CPU
		{7a4605b3-12ce-181d-2ff5-24994304abf3}.Debug|Any CPU.Build.0 = Debug|Any CPU
		{b57beb5c-e28f-6e36-185a-e0bb8759a60f}.Debug|Any CPU.ActiveCfg = Debug|Any CPU
		{b57beb5c-e28f-6e36-185a-e0bb8759a60f}.Debug|Any CPU.Build.0 = Debug|Any CPU
	EndGlobalSection
	GlobalSection(SolutionProperties) = preSolution
		HideSolutionNode = FALSE
	EndGlobalSection
EndGlobal
